
Microsoft Visual Studio Solution File, Format Version 12.00
# Visual Studio Version 17
VisualStudioVersion = 17.11.35222.181
MinimumVisualStudioVersion = 10.0.40219.1
Project("{FAE04EC0-301F-11D3-BF4B-00C04F79EFBC}") = "Game1", "Game1.csproj", "{9814A25C-BD14-4C71-873C-86BC968DD2DE}"
EndProject
Global
	GlobalSection(SolutionConfigurationPlatforms) = preSolution
		Debug|Any CPU = Debug|Any CPU
		Release|Any CPU = Release|Any CPU
	EndGlobalSection
	GlobalSection(ProjectConfigurationPlatforms) = postSolution
		{9814A25C-BD14-4C71-873C-86BC968DD2DE}.Debug|Any CPU.ActiveCfg = Debug|Any CPU
		{9814A25C-BD14-4C71-873C-86BC968DD2DE}.Debug|Any CPU.Build.0 = Debug|Any CPU
		{9814A25C-BD14-4C71-873C-86BC968DD2DE}.Release|Any CPU.ActiveCfg = Release|Any CPU
		{9814A25C-BD14-4C71-873C-86BC968DD2DE}.Release|Any CPU.Build.0 = Release|Any CPU
	EndGlobalSection
	GlobalSection(SolutionProperties) = preSolution
		HideSolutionNode = FALSE
	EndGlobalSection
	GlobalSection(ExtensibilityGlobals) = postSolution
		SolutionGuid = {C71B0462-9753-41BB-AB72-B2993CCDA2BE}
	EndGlobalSection
EndGlobal
